
Microsoft Visual Studio Solution File, Format Version 12.00
Project("{FAE04EC0-301F-11D3-BF4B-00C04F79EFBC}") = "ConsoleApp1", "ConsoleApp1\ConsoleApp1.csproj", "{9DDE938E-01FD-4538-A8EE-0641E1E53833}"
EndProject
Project("{FAE04EC0-301F-11D3-BF4B-00C04F79EFBC}") = "Loop", "Loop\Loop.csproj", "{00F6D26A-A2E4-4EA0-A247-512A20C245C9}"
EndProject
Project("{FAE04EC0-301F-11D3-BF4B-00C04F79EFBC}") = "Array", "Array\Array.csproj", "{107FA8CB-B5D8-4038-8916-F17F59FE0CEF}"
EndProject
Project("{FAE04EC0-301F-11D3-BF4B-00C04F79EFBC}") = "Method", "Method\Method.csproj", "{F928E7DF-58E6-4289-AC7F-CFCF91BF4208}"
EndProject
Project("{FAE04EC0-301F-11D3-BF4B-00C04F79EFBC}") = "Construct", "Construct\Construct.csproj", "{7B4CBBE9-15CC-4B24-AF2A-D0585A67048B}"
EndProject
Project("{FAE04EC0-301F-11D3-BF4B-00C04F79EFBC}") = "Class", "Class\Class.csproj", "{732E5477-1976-4B83-9484-6E948746F760}"
EndProject
Project("{FAE04EC0-301F-11D3-BF4B-00C04F79EFBC}") = "OOP", "OOP\OOP.csproj", "{82BB92B2-24BE-4E8B-B873-D3BEA0AA3DE3}"
EndProject
Project("{FAE04EC0-301F-11D3-BF4B-00C04F79EFBC}") = "Encapsulation", "Encapsulation\Encapsulation.csproj", "{6E3BDB8A-5CEA-45F0-9C6C-DB59AFA2E264}"
EndProject
Project("{FAE04EC0-301F-11D3-BF4B-00C04F79EFBC}") = "QuanLyHocSinh", "QuanLyHocSinh\QuanLyHocSinh.csproj", "{779B42E0-6B16-4F4A-824A-3576B36F83C6}"
EndProject
Project("{FAE04EC0-301F-11D3-BF4B-00C04F79EFBC}") = "tinh", "tinh\tinh.csproj", "{8F3EED10-E69F-4F08-ACA0-4F9B2D4E7DE1}"
EndProject
Project("{FAE04EC0-301F-11D3-BF4B-00C04F79EFBC}") = "baitap", "baitap\baitap.csproj", "{0CD165F3-A101-45C6-AC98-CB1C89B2AC34}"
EndProject
Project("{FAE04EC0-301F-11D3-BF4B-00C04F79EFBC}") = "baitap2", "baitap2\baitap2.csproj", "{C8000879-0485-4C07-86EE-02EB27A99B51}"
EndProject
Project("{FAE04EC0-301F-11D3-BF4B-00C04F79EFBC}") = "Caculator", "Caculator\Caculator.csproj", "{611F1EA7-DA8D-4A10-841A-A144842F1939}"
EndProject
Project("{FAE04EC0-301F-11D3-BF4B-00C04F79EFBC}") = "OnTap1", "OnTap1\OnTap1.csproj", "{0122D4B5-30EC-4322-A310-1B3858EA2EA5}"
EndProject
Project("{FAE04EC0-301F-11D3-BF4B-00C04F79EFBC}") = "Ontap2", "Ontap2\Ontap2.csproj", "{E156C381-0D68-4DBE-ACF6-54F884C14FD4}"
EndProject
Project("{FAE04EC0-301F-11D3-BF4B-00C04F79EFBC}") = "ontap3", "ontap3\ontap3.csproj", "{CCAF5B9F-D4AE-4D81-962E-EC9CAC64300B}"
EndProject
Project("{FAE04EC0-301F-11D3-BF4B-00C04F79EFBC}") = "ontap4", "ontap4\ontap4.csproj", "{E4BD3A64-6F1A-46B7-BAD1-09F61EB605BB}"
EndProject
Project("{FAE04EC0-301F-11D3-BF4B-00C04F79EFBC}") = "DeThi1", "DeThi1\DeThi1.csproj", "{9729CA75-15F1-40F6-91F9-67909E7ACAB7}"
EndProject
Project("{FAE04EC0-301F-11D3-BF4B-00C04F79EFBC}") = "BaiKiemTra1", "BaiKiemTra1\BaiKiemTra1.csproj", "{BA93DF59-0071-481F-B33D-14CC2BA0467E}"
EndProject
Project("{FAE04EC0-301F-11D3-BF4B-00C04F79EFBC}") = "BaiKiemTra2", "BaiKiemTra2\BaiKiemTra2.csproj", "{CEA52B5F-E0F3-4699-97F8-1C2C1E74615D}"
EndProject
Global
	GlobalSection(SolutionConfigurationPlatforms) = preSolution
		Debug|Any CPU = Debug|Any CPU
		Release|Any CPU = Release|Any CPU
	EndGlobalSection
	GlobalSection(ProjectConfigurationPlatforms) = postSolution
		{9DDE938E-01FD-4538-A8EE-0641E1E53833}.Debug|Any CPU.ActiveCfg = Debug|Any CPU
		{9DDE938E-01FD-4538-A8EE-0641E1E53833}.Debug|Any CPU.Build.0 = Debug|Any CPU
		{9DDE938E-01FD-4538-A8EE-0641E1E53833}.Release|Any CPU.ActiveCfg = Release|Any CPU
		{9DDE938E-01FD-4538-A8EE-0641E1E53833}.Release|Any CPU.Build.0 = Release|Any CPU
		{00F6D26A-A2E4-4EA0-A247-512A20C245C9}.Debug|Any CPU.ActiveCfg = Debug|Any CPU
		{00F6D26A-A2E4-4EA0-A247-512A20C245C9}.Debug|Any CPU.Build.0 = Debug|Any CPU
		{00F6D26A-A2E4-4EA0-A247-512A20C245C9}.Release|Any CPU.ActiveCfg = Release|Any CPU
		{00F6D26A-A2E4-4EA0-A247-512A20C245C9}.Release|Any CPU.Build.0 = Release|Any CPU
		{107FA8CB-B5D8-4038-8916-F17F59FE0CEF}.Debug|Any CPU.ActiveCfg = Debug|Any CPU
		{107FA8CB-B5D8-4038-8916-F17F59FE0CEF}.Debug|Any CPU.Build.0 = Debug|Any CPU
		{107FA8CB-B5D8-4038-8916-F17F59FE0CEF}.Release|Any CPU.ActiveCfg = Release|Any CPU
		{107FA8CB-B5D8-4038-8916-F17F59FE0CEF}.Release|Any CPU.Build.0 = Release|Any CPU
		{F928E7DF-58E6-4289-AC7F-CFCF91BF4208}.Debug|Any CPU.ActiveCfg = Debug|Any CPU
		{F928E7DF-58E6-4289-AC7F-CFCF91BF4208}.Debug|Any CPU.Build.0 = Debug|Any CPU
		{F928E7DF-58E6-4289-AC7F-CFCF91BF4208}.Release|Any CPU.ActiveCfg = Release|Any CPU
		{F928E7DF-58E6-4289-AC7F-CFCF91BF4208}.Release|Any CPU.Build.0 = Release|Any CPU
		{7B4CBBE9-15CC-4B24-AF2A-D0585A67048B}.Debug|Any CPU.ActiveCfg = Debug|Any CPU
		{7B4CBBE9-15CC-4B24-AF2A-D0585A67048B}.Debug|Any CPU.Build.0 = Debug|Any CPU
		{7B4CBBE9-15CC-4B24-AF2A-D0585A67048B}.Release|Any CPU.ActiveCfg = Release|Any CPU
		{7B4CBBE9-15CC-4B24-AF2A-D0585A67048B}.Release|Any CPU.Build.0 = Release|Any CPU
		{732E5477-1976-4B83-9484-6E948746F760}.Debug|Any CPU.ActiveCfg = Debug|Any CPU
		{732E5477-1976-4B83-9484-6E948746F760}.Debug|Any CPU.Build.0 = Debug|Any CPU
		{732E5477-1976-4B83-9484-6E948746F760}.Release|Any CPU.ActiveCfg = Release|Any CPU
		{732E5477-1976-4B83-9484-6E948746F760}.Release|Any CPU.Build.0 = Release|Any CPU
		{82BB92B2-24BE-4E8B-B873-D3BEA0AA3DE3}.Debug|Any CPU.ActiveCfg = Debug|Any CPU
		{82BB92B2-24BE-4E8B-B873-D3BEA0AA3DE3}.Debug|Any CPU.Build.0 = Debug|Any CPU
		{82BB92B2-24BE-4E8B-B873-D3BEA0AA3DE3}.Release|Any CPU.ActiveCfg = Release|Any CPU
		{82BB92B2-24BE-4E8B-B873-D3BEA0AA3DE3}.Release|Any CPU.Build.0 = Release|Any CPU
		{6E3BDB8A-5CEA-45F0-9C6C-DB59AFA2E264}.Debug|Any CPU.ActiveCfg = Debug|Any CPU
		{6E3BDB8A-5CEA-45F0-9C6C-DB59AFA2E264}.Debug|Any CPU.Build.0 = Debug|Any CPU
		{6E3BDB8A-5CEA-45F0-9C6C-DB59AFA2E264}.Release|Any CPU.ActiveCfg = Release|Any CPU
		{6E3BDB8A-5CEA-45F0-9C6C-DB59AFA2E264}.Release|Any CPU.Build.0 = Release|Any CPU
		{779B42E0-6B16-4F4A-824A-3576B36F83C6}.Debug|Any CPU.ActiveCfg = Debug|Any CPU
		{779B42E0-6B16-4F4A-824A-3576B36F83C6}.Debug|Any CPU.Build.0 = Debug|Any CPU
		{779B42E0-6B16-4F4A-824A-3576B36F83C6}.Release|Any CPU.ActiveCfg = Release|Any CPU
		{779B42E0-6B16-4F4A-824A-3576B36F83C6}.Release|Any CPU.Build.0 = Release|Any CPU
		{8F3EED10-E69F-4F08-ACA0-4F9B2D4E7DE1}.Debug|Any CPU.ActiveCfg = Debug|Any CPU
		{8F3EED10-E69F-4F08-ACA0-4F9B2D4E7DE1}.Debug|Any CPU.Build.0 = Debug|Any CPU
		{8F3EED10-E69F-4F08-ACA0-4F9B2D4E7DE1}.Release|Any CPU.ActiveCfg = Release|Any CPU
		{8F3EED10-E69F-4F08-ACA0-4F9B2D4E7DE1}.Release|Any CPU.Build.0 = Release|Any CPU
		{0CD165F3-A101-45C6-AC98-CB1C89B2AC34}.Debug|Any CPU.ActiveCfg = Debug|Any CPU
		{0CD165F3-A101-45C6-AC98-CB1C89B2AC34}.Debug|Any CPU.Build.0 = Debug|Any CPU
		{0CD165F3-A101-45C6-AC98-CB1C89B2AC34}.Release|Any CPU.ActiveCfg = Release|Any CPU
		{0CD165F3-A101-45C6-AC98-CB1C89B2AC34}.Release|Any CPU.Build.0 = Release|Any CPU
		{C8000879-0485-4C07-86EE-02EB27A99B51}.Debug|Any CPU.ActiveCfg = Debug|Any CPU
		{C8000879-0485-4C07-86EE-02EB27A99B51}.Debug|Any CPU.Build.0 = Debug|Any CPU
		{C8000879-0485-4C07-86EE-02EB27A99B51}.Release|Any CPU.ActiveCfg = Release|Any CPU
		{C8000879-0485-4C07-86EE-02EB27A99B51}.Release|Any CPU.Build.0 = Release|Any CPU
		{611F1EA7-DA8D-4A10-841A-A144842F1939}.Debug|Any CPU.ActiveCfg = Debug|Any CPU
		{611F1EA7-DA8D-4A10-841A-A144842F1939}.Debug|Any CPU.Build.0 = Debug|Any CPU
		{611F1EA7-DA8D-4A10-841A-A144842F1939}.Release|Any CPU.ActiveCfg = Release|Any CPU
		{611F1EA7-DA8D-4A10-841A-A144842F1939}.Release|Any CPU.Build.0 = Release|Any CPU
		{0122D4B5-30EC-4322-A310-1B3858EA2EA5}.Debug|Any CPU.ActiveCfg = Debug|Any CPU
		{0122D4B5-30EC-4322-A310-1B3858EA2EA5}.Debug|Any CPU.Build.0 = Debug|Any CPU
		{0122D4B5-30EC-4322-A310-1B3858EA2EA5}.Release|Any CPU.ActiveCfg = Release|Any CPU
		{0122D4B5-30EC-4322-A310-1B3858EA2EA5}.Release|Any CPU.Build.0 = Release|Any CPU
		{E156C381-0D68-4DBE-ACF6-54F884C14FD4}.Debug|Any CPU.ActiveCfg = Debug|Any CPU
		{E156C381-0D68-4DBE-ACF6-54F884C14FD4}.Debug|Any CPU.Build.0 = Debug|Any CPU
		{E156C381-0D68-4DBE-ACF6-54F884C14FD4}.Release|Any CPU.ActiveCfg = Release|Any CPU
		{E156C381-0D68-4DBE-ACF6-54F884C14FD4}.Release|Any CPU.Build.0 = Release|Any CPU
		{CCAF5B9F-D4AE-4D81-962E-EC9CAC64300B}.Debug|Any CPU.ActiveCfg = Debug|Any CPU
		{CCAF5B9F-D4AE-4D81-962E-EC9CAC64300B}.Debug|Any CPU.Build.0 = Debug|Any CPU
		{CCAF5B9F-D4AE-4D81-962E-EC9CAC64300B}.Release|Any CPU.ActiveCfg = Release|Any CPU
		{CCAF5B9F-D4AE-4D81-962E-EC9CAC64300B}.Release|Any CPU.Build.0 = Release|Any CPU
		{E4BD3A64-6F1A-46B7-BAD1-09F61EB605BB}.Debug|Any CPU.ActiveCfg = Debug|Any CPU
		{E4BD3A64-6F1A-46B7-BAD1-09F61EB605BB}.Debug|Any CPU.Build.0 = Debug|Any CPU
		{E4BD3A64-6F1A-46B7-BAD1-09F61EB605BB}.Release|Any CPU.ActiveCfg = Release|Any CPU
		{E4BD3A64-6F1A-46B7-BAD1-09F61EB605BB}.Release|Any CPU.Build.0 = Release|Any CPU
		{9729CA75-15F1-40F6-91F9-67909E7ACAB7}.Debug|Any CPU.ActiveCfg = Debug|Any CPU
		{9729CA75-15F1-40F6-91F9-67909E7ACAB7}.Debug|Any CPU.Build.0 = Debug|Any CPU
		{9729CA75-15F1-40F6-91F9-67909E7ACAB7}.Release|Any CPU.ActiveCfg = Release|Any CPU
		{9729CA75-15F1-40F6-91F9-67909E7ACAB7}.Release|Any CPU.Build.0 = Release|Any CPU
		{BA93DF59-0071-481F-B33D-14CC2BA0467E}.Debug|Any CPU.ActiveCfg = Debug|Any CPU
		{BA93DF59-0071-481F-B33D-14CC2BA0467E}.Debug|Any CPU.Build.0 = Debug|Any CPU
		{BA93DF59-0071-481F-B33D-14CC2BA0467E}.Release|Any CPU.ActiveCfg = Release|Any CPU
		{BA93DF59-0071-481F-B33D-14CC2BA0467E}.Release|Any CPU.Build.0 = Release|Any CPU
		{CEA52B5F-E0F3-4699-97F8-1C2C1E74615D}.Debug|Any CPU.ActiveCfg = Debug|Any CPU
		{CEA52B5F-E0F3-4699-97F8-1C2C1E74615D}.Debug|Any CPU.Build.0 = Debug|Any CPU
		{CEA52B5F-E0F3-4699-97F8-1C2C1E74615D}.Release|Any CPU.ActiveCfg = Release|Any CPU
		{CEA52B5F-E0F3-4699-97F8-1C2C1E74615D}.Release|Any CPU.Build.0 = Release|Any CPU
	EndGlobalSection
EndGlobal
